
Microsoft Visual Studio Solution File, Format Version 12.00
# Visual Studio Version 17
VisualStudioVersion = 17.4.33403.182
MinimumVisualStudioVersion = 10.0.40219.1
Project("{9A19103F-16F7-4668-BE54-9A1E7A4F7556}") = "RabbitReceiver", "RabbitReceiver.csproj", "{13743640-2F0E-452A-AED7-CBD85582297B}"
EndProject
Global
	GlobalSection(SolutionConfigurationPlatforms) = preSolution
		Debug|Any CPU = Debug|Any CPU
		Release|Any CPU = Release|Any CPU
	EndGlobalSection
	GlobalSection(ProjectConfigurationPlatforms) = postSolution
		{13743640-2F0E-452A-AED7-CBD85582297B}.Debug|Any CPU.ActiveCfg = Debug|Any CPU
		{13743640-2F0E-452A-AED7-CBD85582297B}.Debug|Any CPU.Build.0 = Debug|Any CPU
		{13743640-2F0E-452A-AED7-CBD85582297B}.Release|Any CPU.ActiveCfg = Release|Any CPU
		{13743640-2F0E-452A-AED7-CBD85582297B}.Release|Any CPU.Build.0 = Release|Any CPU
	EndGlobalSection
	GlobalSection(SolutionProperties) = preSolution
		HideSolutionNode = FALSE
	EndGlobalSection
	GlobalSection(ExtensibilityGlobals) = postSolution
		SolutionGuid = {E37BAA2A-14E2-4F4D-B19E-0F52B93F930D}
	EndGlobalSection
EndGlobal
