
Microsoft Visual Studio Solution File, Format Version 12.00
# Visual Studio Version 16
VisualStudioVersion = 16.0.33130.400
MinimumVisualStudioVersion = 10.0.40219.1
Project("{FAE04EC0-301F-11D3-BF4B-00C04F79EFBC}") = "WcfService", "WcfService\WcfService.csproj", "{3AE0E1D6-5E50-4D32-B3FE-956531C0337B}"
EndProject
Project("{FAE04EC0-301F-11D3-BF4B-00C04F79EFBC}") = "WcfServiceHost", "WcfServiceHost\WcfServiceHost.csproj", "{2A19E1AB-5931-41B1-9FBC-979CDE6B64C7}"
EndProject
Global
	GlobalSection(SolutionConfigurationPlatforms) = preSolution
		Debug|Any CPU = Debug|Any CPU
		Release|Any CPU = Release|Any CPU
	EndGlobalSection
	GlobalSection(ProjectConfigurationPlatforms) = postSolution
		{3AE0E1D6-5E50-4D32-B3FE-956531C0337B}.Debug|Any CPU.ActiveCfg = Debug|Any CPU
		{3AE0E1D6-5E50-4D32-B3FE-956531C0337B}.Debug|Any CPU.Build.0 = Debug|Any CPU
		{3AE0E1D6-5E50-4D32-B3FE-956531C0337B}.Release|Any CPU.ActiveCfg = Release|Any CPU
		{3AE0E1D6-5E50-4D32-B3FE-956531C0337B}.Release|Any CPU.Build.0 = Release|Any CPU
		{2A19E1AB-5931-41B1-9FBC-979CDE6B64C7}.Debug|Any CPU.ActiveCfg = Debug|Any CPU
		{2A19E1AB-5931-41B1-9FBC-979CDE6B64C7}.Debug|Any CPU.Build.0 = Debug|Any CPU
		{2A19E1AB-5931-41B1-9FBC-979CDE6B64C7}.Release|Any CPU.ActiveCfg = Release|Any CPU
		{2A19E1AB-5931-41B1-9FBC-979CDE6B64C7}.Release|Any CPU.Build.0 = Release|Any CPU
	EndGlobalSection
	GlobalSection(SolutionProperties) = preSolution
		HideSolutionNode = FALSE
	EndGlobalSection
	GlobalSection(ExtensibilityGlobals) = postSolution
		SolutionGuid = {3DDF7D24-CA81-408C-B1F6-E1BFD3CF5243}
	EndGlobalSection
EndGlobal
